
Microsoft Visual Studio Solution File, Format Version 12.00
Project("{FAE04EC0-301F-11D3-BF4B-00C04F79EFBC}") = "MTCG_Karner", "MTCG_Karner\MTCG_Karner.csproj", "{35D6A28F-ABC6-4EF9-A7A9-16E649B8C464}"
EndProject
Project("{FAE04EC0-301F-11D3-BF4B-00C04F79EFBC}") = "TestProject1", "TestProject1\TestProject1.csproj", "{BD18F995-55B1-4F90-9275-A56F64B14D10}"
EndProject
Global
	GlobalSection(SolutionConfigurationPlatforms) = preSolution
		Debug|Any CPU = Debug|Any CPU
		Release|Any CPU = Release|Any CPU
	EndGlobalSection
	GlobalSection(ProjectConfigurationPlatforms) = postSolution
		{35D6A28F-ABC6-4EF9-A7A9-16E649B8C464}.Debug|Any CPU.ActiveCfg = Debug|Any CPU
		{35D6A28F-ABC6-4EF9-A7A9-16E649B8C464}.Debug|Any CPU.Build.0 = Debug|Any CPU
		{35D6A28F-ABC6-4EF9-A7A9-16E649B8C464}.Release|Any CPU.ActiveCfg = Release|Any CPU
		{35D6A28F-ABC6-4EF9-A7A9-16E649B8C464}.Release|Any CPU.Build.0 = Release|Any CPU
		{BD18F995-55B1-4F90-9275-A56F64B14D10}.Debug|Any CPU.ActiveCfg = Debug|Any CPU
		{BD18F995-55B1-4F90-9275-A56F64B14D10}.Debug|Any CPU.Build.0 = Debug|Any CPU
		{BD18F995-55B1-4F90-9275-A56F64B14D10}.Release|Any CPU.ActiveCfg = Release|Any CPU
		{BD18F995-55B1-4F90-9275-A56F64B14D10}.Release|Any CPU.Build.0 = Release|Any CPU
	EndGlobalSection
EndGlobal
